
Microsoft Visual Studio Solution File, Format Version 12.00
# Visual Studio 15
VisualStudioVersion = 15.0.26228.4
MinimumVisualStudioVersion = 10.0.40219.1
Project("{2150E333-8FDC-42A3-9474-1A3956D46DE8}") = "src", "src", "{9D4B324A-9C45-4893-8F9C-296096029C39}"
EndProject
Project("{2150E333-8FDC-42A3-9474-1A3956D46DE8}") = "Solution Items", "Solution Items", "{A816092B-146E-4228-AF41-548A16850F37}"
EndProject
Project("{9A19103F-16F7-4668-BE54-9A1E7A4F7556}") = "Stactive", "src\Stactive\Stactive.csproj", "{E5824D29-F690-4B50-8DB2-514CF62EECE9}"
EndProject
Project("{FAE04EC0-301F-11D3-BF4B-00C04F79EFBC}") = "Stactive.Tests", "src\Stactive.Tests\Stactive.Tests.csproj", "{FCEA361D-1868-4875-A4FA-9BF1D1BC4FED}"
EndProject
Global
	GlobalSection(SolutionConfigurationPlatforms) = preSolution
		Debug|Any CPU = Debug|Any CPU
		Release|Any CPU = Release|Any CPU
	EndGlobalSection
	GlobalSection(ProjectConfigurationPlatforms) = postSolution
		{E5824D29-F690-4B50-8DB2-514CF62EECE9}.Debug|Any CPU.ActiveCfg = Debug|Any CPU
		{E5824D29-F690-4B50-8DB2-514CF62EECE9}.Debug|Any CPU.Build.0 = Debug|Any CPU
		{E5824D29-F690-4B50-8DB2-514CF62EECE9}.Release|Any CPU.ActiveCfg = Release|Any CPU
		{E5824D29-F690-4B50-8DB2-514CF62EECE9}.Release|Any CPU.Build.0 = Release|Any CPU
		{FCEA361D-1868-4875-A4FA-9BF1D1BC4FED}.Debug|Any CPU.ActiveCfg = Debug|Any CPU
		{FCEA361D-1868-4875-A4FA-9BF1D1BC4FED}.Debug|Any CPU.Build.0 = Debug|Any CPU
		{FCEA361D-1868-4875-A4FA-9BF1D1BC4FED}.Release|Any CPU.ActiveCfg = Release|Any CPU
		{FCEA361D-1868-4875-A4FA-9BF1D1BC4FED}.Release|Any CPU.Build.0 = Release|Any CPU
	EndGlobalSection
	GlobalSection(SolutionProperties) = preSolution
		HideSolutionNode = FALSE
	EndGlobalSection
	GlobalSection(NestedProjects) = preSolution
		{E5824D29-F690-4B50-8DB2-514CF62EECE9} = {9D4B324A-9C45-4893-8F9C-296096029C39}
		{FCEA361D-1868-4875-A4FA-9BF1D1BC4FED} = {9D4B324A-9C45-4893-8F9C-296096029C39}
	EndGlobalSection
EndGlobal
